<?xml version="1.0" encoding="UTF-8" standalone="yes" ?>
<CodeBlocks_project_file>
	<FileVersion major="1" minor="6" />
	<Project>
		<Option title="jsonc10k" />
		<Option pch_mode="2" />
		<Option compiler="gcc" />
		<Build>
			<Target title="Debug">
				<Option output="bin/Debug/jsonc10k" prefix_auto="1" extension_auto="1" />
				<Option object_output="obj/Debug/" />
				<Option type="1" />
				<Option compiler="gcc" />
				<Compiler>
					<Add option="-g" />
				</Compiler>
			</Target>
			<Target title="Release">
				<Option output="bin/Release/jsonc10k" prefix_auto="1" extension_auto="1" />
				<Option object_output="obj/Release/" />
				<Option type="1" />
				<Option compiler="gcc" />
				<Compiler>
					<Add option="-O2" />
				</Compiler>
				<Linker>
					<Add option="-s" />
				</Linker>
			</Target>
		</Build>
		<Compiler>
			<Add option="-std=c++11" />
			<Add option="-Wall" />
			<Add option="-fexceptions" />
			<Add option="-U__STRICT_ANSI__" />
			<Add directory="../../include" />
			<Add directory="../../../boost/include" />
			<Add directory="../../../openssl/include" />
		</Compiler>
		<Linker>
			<Add library="esnetwork" />
			<Add library="boost_log-mgw49-mt-1_58" />
			<Add library="boost_filesystem-mgw49-mt-1_58" />
			<Add library="boost_chrono-mgw49-mt-1_58" />
			<Add library="boost_date_time-mgw49-mt-1_58" />
			<Add library="boost_system-mgw49-mt-1_58" />
			<Add library="boost_thread-mgw49-mt-1_58" />
			<Add library="boost_regex-mgw49-mt-1_58" />
			<Add library="wsock32" />
			<Add library="ws2_32" />
			<Add library="ssl" />
			<Add library="crypto" />
			<Add directory="../../lib" />
			<Add directory="../../../boost/lib" />
			<Add directory="../../../openssl/lib" />
		</Linker>
		<Unit filename="ClientBusiness.cpp" />
		<Unit filename="ClientBusiness.h" />
		<Unit filename="JsonClientMessageProcess.cpp" />
		<Unit filename="JsonClientMessageProcess.h" />
		<Unit filename="JsonMessage.cpp" />
		<Unit filename="JsonMessage.h" />
		<Unit filename="JsonMessageCodec.cpp" />
		<Unit filename="JsonMessageCodec.h" />
		<Unit filename="JsonMessageHandler.cpp" />
		<Unit filename="JsonMessageHandler.h" />
		<Unit filename="JsonMessageProcess.cpp" />
		<Unit filename="JsonMessageProcess.h" />
		<Unit filename="JsonReplyMessageHandler.cpp" />
		<Unit filename="JsonReplyMessageHandler.h" />
		<Unit filename="JsonRequestMessageHandler.cpp" />
		<Unit filename="JsonRequestMessageHandler.h" />
		<Unit filename="JsonServerMessageProcess.cpp" />
		<Unit filename="JsonServerMessageProcess.h" />
		<Unit filename="PrintStringProcess.cpp" />
		<Unit filename="PrintStringProcess.h" />
		<Unit filename="ServerBusiness.cpp" />
		<Unit filename="ServerBusiness.h" />
		<Unit filename="StringReplyProcess.cpp" />
		<Unit filename="StringReplyProcess.h" />
		<Unit filename="StringRequestProcess.cpp" />
		<Unit filename="StringRequestProcess.h" />
		<Unit filename="json.cpp" />
		<Unit filename="json.h" />
		<Unit filename="main.cpp" />
		<Extensions>
			<code_completion />
			<envvars />
			<debugger />
			<lib_finder disable_auto="1" />
		</Extensions>
	</Project>
</CodeBlocks_project_file>
